
Microsoft Visual Studio Solution File, Format Version 12.00
# Visual Studio Version 16
VisualStudioVersion = 16.0.29905.134
MinimumVisualStudioVersion = 10.0.40219.1
Project("{FAE04EC0-301F-11D3-BF4B-00C04F79EFBC}") = "AzureRetailWeb", "AzureRetailWeb\AzureRetailWeb.csproj", "{290A0FBC-2689-46C6-99FE-10C58A7F755A}"
EndProject
Project("{FAE04EC0-301F-11D3-BF4B-00C04F79EFBC}") = "CustomerService", "CustomerService\CustomerService.csproj", "{18FE345A-86DB-40B0-B994-6432BD5934A3}"
EndProject
Project("{FAE04EC0-301F-11D3-BF4B-00C04F79EFBC}") = "ProductService", "ProductService\ProductService.csproj", "{C20D5888-B13E-4EAC-83ED-E78EA970FC7C}"
EndProject
Global
	GlobalSection(SolutionConfigurationPlatforms) = preSolution
		Debug|Any CPU = Debug|Any CPU
		Release|Any CPU = Release|Any CPU
	EndGlobalSection
	GlobalSection(ProjectConfigurationPlatforms) = postSolution
		{290A0FBC-2689-46C6-99FE-10C58A7F755A}.Debug|Any CPU.ActiveCfg = Debug|Any CPU
		{290A0FBC-2689-46C6-99FE-10C58A7F755A}.Debug|Any CPU.Build.0 = Debug|Any CPU
		{290A0FBC-2689-46C6-99FE-10C58A7F755A}.Release|Any CPU.ActiveCfg = Release|Any CPU
		{290A0FBC-2689-46C6-99FE-10C58A7F755A}.Release|Any CPU.Build.0 = Release|Any CPU
		{18FE345A-86DB-40B0-B994-6432BD5934A3}.Debug|Any CPU.ActiveCfg = Debug|Any CPU
		{18FE345A-86DB-40B0-B994-6432BD5934A3}.Debug|Any CPU.Build.0 = Debug|Any CPU
		{18FE345A-86DB-40B0-B994-6432BD5934A3}.Release|Any CPU.ActiveCfg = Release|Any CPU
		{18FE345A-86DB-40B0-B994-6432BD5934A3}.Release|Any CPU.Build.0 = Release|Any CPU
		{C20D5888-B13E-4EAC-83ED-E78EA970FC7C}.Debug|Any CPU.ActiveCfg = Debug|Any CPU
		{C20D5888-B13E-4EAC-83ED-E78EA970FC7C}.Debug|Any CPU.Build.0 = Debug|Any CPU
		{C20D5888-B13E-4EAC-83ED-E78EA970FC7C}.Release|Any CPU.ActiveCfg = Release|Any CPU
		{C20D5888-B13E-4EAC-83ED-E78EA970FC7C}.Release|Any CPU.Build.0 = Release|Any CPU
	EndGlobalSection
	GlobalSection(SolutionProperties) = preSolution
		HideSolutionNode = FALSE
	EndGlobalSection
	GlobalSection(ExtensibilityGlobals) = postSolution
		SolutionGuid = {A5F91A77-BBB6-4AC4-BF3F-7807A5C9D7AB}
	EndGlobalSection
EndGlobal
